
Microsoft Visual Studio Solution File, Format Version 12.00
# Visual Studio Version 16
VisualStudioVersion = 16.0.30114.105
MinimumVisualStudioVersion = 10.0.40219.1
Project("{FAE04EC0-301F-11D3-BF4B-00C04F79EFBC}") = "Katas_Console", "Katas_Console.csproj", "{257530F7-10E3-4F07-8A7F-625A58D040AE}"
EndProject
Global
	GlobalSection(SolutionConfigurationPlatforms) = preSolution
		Debug|Any CPU = Debug|Any CPU
		Release|Any CPU = Release|Any CPU
	EndGlobalSection
	GlobalSection(ProjectConfigurationPlatforms) = postSolution
		{257530F7-10E3-4F07-8A7F-625A58D040AE}.Debug|Any CPU.ActiveCfg = Debug|Any CPU
		{257530F7-10E3-4F07-8A7F-625A58D040AE}.Debug|Any CPU.Build.0 = Debug|Any CPU
		{257530F7-10E3-4F07-8A7F-625A58D040AE}.Release|Any CPU.ActiveCfg = Release|Any CPU
		{257530F7-10E3-4F07-8A7F-625A58D040AE}.Release|Any CPU.Build.0 = Release|Any CPU
	EndGlobalSection
	GlobalSection(SolutionProperties) = preSolution
		HideSolutionNode = FALSE
	EndGlobalSection
	GlobalSection(ExtensibilityGlobals) = postSolution
		SolutionGuid = {0A3674D8-22FB-4A82-A164-C629CBBB3451}
	EndGlobalSection
EndGlobal
